
Microsoft Visual Studio Solution File, Format Version 12.00
# Visual Studio Version 17
VisualStudioVersion = 17.8.34330.188
MinimumVisualStudioVersion = 10.0.40219.1
Project("{FAE04EC0-301F-11D3-BF4B-00C04F79EFBC}") = "Практическая работа 25(1)", "Практическая работа 25(1).csproj", "{68BB987D-49CB-4CEC-A585-1C0B0E791A49}"
EndProject
Global
	GlobalSection(SolutionConfigurationPlatforms) = preSolution
		Debug|Any CPU = Debug|Any CPU
		Release|Any CPU = Release|Any CPU
	EndGlobalSection
	GlobalSection(ProjectConfigurationPlatforms) = postSolution
		{68BB987D-49CB-4CEC-A585-1C0B0E791A49}.Debug|Any CPU.ActiveCfg = Debug|Any CPU
		{68BB987D-49CB-4CEC-A585-1C0B0E791A49}.Debug|Any CPU.Build.0 = Debug|Any CPU
		{68BB987D-49CB-4CEC-A585-1C0B0E791A49}.Release|Any CPU.ActiveCfg = Release|Any CPU
		{68BB987D-49CB-4CEC-A585-1C0B0E791A49}.Release|Any CPU.Build.0 = Release|Any CPU
	EndGlobalSection
	GlobalSection(SolutionProperties) = preSolution
		HideSolutionNode = FALSE
	EndGlobalSection
	GlobalSection(ExtensibilityGlobals) = postSolution
		SolutionGuid = {A7ABB867-E9CE-4340-98F5-F455C65504D6}
	EndGlobalSection
EndGlobal
